{
  "name": "simplesvg-sprites",
  "version": "1.0.0",
  "lockfileVersion": 1,
  "requires": true,
  "dependencies": {
    "simple-icons": {
      "version": "1.9.4",
      "resolved": "https://registry.npmjs.org/simple-icons/-/simple-icons-1.9.4.tgz",
      "integrity": "sha512-h2ez9zkCF41i5OVAIoYxd/cJXYX+sUZ9XeVMy40KW24+eG8aIjJZrOYB1Th2vKVIRWfiBcc/ekxZeY8TrPO+Ow=="
    }
  }
}
